
Microsoft Visual Studio Solution File, Format Version 12.00
# Visual Studio Version 17
VisualStudioVersion = 17.2.32519.379
MinimumVisualStudioVersion = 10.0.40219.1
Project("{9A19103F-16F7-4668-BE54-9A1E7A4F7556}") = "NewLife.Ftp", "NewLife.Ftp\NewLife.Ftp.csproj", "{665B6B23-0757-4D27-8572-240662605B48}"
EndProject
Project("{9A19103F-16F7-4668-BE54-9A1E7A4F7556}") = "Test", "Test\Test.csproj", "{6011C622-C27A-45B8-A694-C49C10A24918}"
EndProject
Project("{2150E333-8FDC-42A3-9474-1A3956D46DE8}") = "Others", "Others", "{B5CC198D-964A-47AE-8E84-F47915279B75}"
	ProjectSection(SolutionItems) = preProject
		.github\workflows\publish-beta.yml = .github\workflows\publish-beta.yml
		.github\workflows\publish.yml = .github\workflows\publish.yml
		Readme.MD = Readme.MD
		.github\workflows\test.yml = .github\workflows\test.yml
	EndProjectSection
EndProject
Global
	GlobalSection(SolutionConfigurationPlatforms) = preSolution
		Debug|Any CPU = Debug|Any CPU
		Release|Any CPU = Release|Any CPU
	EndGlobalSection
	GlobalSection(ProjectConfigurationPlatforms) = postSolution
		{665B6B23-0757-4D27-8572-240662605B48}.Debug|Any CPU.ActiveCfg = Debug|Any CPU
		{665B6B23-0757-4D27-8572-240662605B48}.Debug|Any CPU.Build.0 = Debug|Any CPU
		{665B6B23-0757-4D27-8572-240662605B48}.Release|Any CPU.ActiveCfg = Release|Any CPU
		{665B6B23-0757-4D27-8572-240662605B48}.Release|Any CPU.Build.0 = Release|Any CPU
		{6011C622-C27A-45B8-A694-C49C10A24918}.Debug|Any CPU.ActiveCfg = Debug|Any CPU
		{6011C622-C27A-45B8-A694-C49C10A24918}.Debug|Any CPU.Build.0 = Debug|Any CPU
		{6011C622-C27A-45B8-A694-C49C10A24918}.Release|Any CPU.ActiveCfg = Release|Any CPU
		{6011C622-C27A-45B8-A694-C49C10A24918}.Release|Any CPU.Build.0 = Release|Any CPU
	EndGlobalSection
	GlobalSection(SolutionProperties) = preSolution
		HideSolutionNode = FALSE
	EndGlobalSection
	GlobalSection(ExtensibilityGlobals) = postSolution
		SolutionGuid = {D35A14D1-AA8F-490B-B0B3-ECAD2F539F59}
	EndGlobalSection
EndGlobal
